PODS:
  - boost (1.76.0)
  - CocoaAsyncSocket (7.6.5)
  - DoubleConversion (1.1.6)
  - FBLazyVector (0.72.14)
  - FBReactNativeSpec (0.72.14):
    - RCT-Folly (= 2021.07.22.00)
    - RCTRequired (= 0.72.14)
    - RCTTypeSafety (= 0.72.14)
    - React-Core (= 0.72.14)
    - React-jsi (= 0.72.14)
    - ReactCommon/turbomodule/core (= 0.72.14)
  - Flipper (0.182.0):
    - Flipper-Folly (~> 2.6)
  - Flipper-Boost-iOSX (1.76.0.1.11)
  - Flipper-DoubleConversion (3.2.0.1)
  - Flipper-Fmt (7.1.7)
  - Flipper-Folly (2.6.10):
    - Flipper-Boost-iOSX
    - Flipper-DoubleConversion
    - Flipper-Fmt (= 7.1.7)
    - Flipper-Glog
    - libevent (~> 2.1.12)
    - OpenSSL-Universal (= 1.1.1100)
  - Flipper-Glog (0.5.0.5)
  - Flipper-PeerTalk (0.0.4)
  - FlipperKit (0.182.0):
    - FlipperKit/Core (= 0.182.0)
  - FlipperKit/Core (0.182.0):
    - Flipper (~> 0.182.0)
    - FlipperKit/CppBridge
    - FlipperKit/FBCxxFollyDynamicConvert
    - FlipperKit/FBDefines
    - FlipperKit/FKPortForwarding
    - SocketRocket (~> 0.6.0)
  - FlipperKit/CppBridge (0.182.0):
    - Flipper (~> 0.182.0)
  - FlipperKit/FBCxxFollyDynamicConvert (0.182.0):
    - Flipper-Folly (~> 2.6)
  - FlipperKit/FBDefines (0.182.0)
  - FlipperKit/FKPortForwarding (0.182.0):
    - CocoaAsyncSocket (~> 7.6)
    - Flipper-PeerTalk (~> 0.0.4)
  - FlipperKit/FlipperKitHighlightOverlay (0.182.0)
  - FlipperKit/FlipperKitLayoutHelpers (0.182.0):
    - FlipperKit/Core
    - FlipperKit/FlipperKitHighlightOverlay
    - FlipperKit/FlipperKitLayoutTextSearchable
  - FlipperKit/FlipperKitLayoutIOSDescriptors (0.182.0):
    - FlipperKit/Core
    - FlipperKit/FlipperKitHighlightOverlay
    - FlipperKit/FlipperKitLayoutHelpers
    - YogaKit (~> 1.18)
  - FlipperKit/FlipperKitLayoutPlugin (0.182.0):
    - FlipperKit/Core
    - FlipperKit/FlipperKitHighlightOverlay
    - FlipperKit/FlipperKitLayoutHelpers
    - FlipperKit/FlipperKitLayoutIOSDescriptors
    - FlipperKit/FlipperKitLayoutTextSearchable
    - YogaKit (~> 1.18)
  - FlipperKit/FlipperKitLayoutTextSearchable (0.182.0)
  - FlipperKit/FlipperKitNetworkPlugin (0.182.0):
    - FlipperKit/Core
  - FlipperKit/FlipperKitReactPlugin (0.182.0):
    - FlipperKit/Core
  - FlipperKit/FlipperKitUserDefaultsPlugin (0.182.0):
    - FlipperKit/Core
  - FlipperKit/SKIOSNetworkPlugin (0.182.0):
    - FlipperKit/Core
    - FlipperKit/FlipperKitNetworkPlugin
  - fmt (6.2.1)
  - glog (0.3.5)
  - hermes-engine (0.72.14):
    - hermes-engine/Pre-built (= 0.72.14)
  - hermes-engine/Pre-built (0.72.14)
  - libevent (2.1.12)
  - OpenSSL-Universal (1.1.1100)
  - Permission-LocationAlways (3.8.1):
    - RNPermissions
  - Permission-LocationWhenInUse (3.8.1):
    - RNPermissions
  - RCT-Folly (2021.07.22.00):
    - boost
    - DoubleConversion
    - fmt (~> 6.2.1)
    - glog
    - RCT-Folly/Default (= 2021.07.22.00)
  - RCT-Folly/Default (2021.07.22.00):
    - boost
    - DoubleConversion
    - fmt (~> 6.2.1)
    - glog
  - RCT-Folly/Futures (2021.07.22.00):
    - boost
    - DoubleConversion
    - fmt (~> 6.2.1)
    - glog
    - libevent
  - RCTRequired (0.72.14)
  - RCTTypeSafety (0.72.14):
    - FBLazyVector (= 0.72.14)
    - RCTRequired (= 0.72.14)
    - React-Core (= 0.72.14)
  - React (0.72.14):
    - React-Core (= 0.72.14)
    - React-Core/DevSupport (= 0.72.14)
    - React-Core/RCTWebSocket (= 0.72.14)
    - React-RCTActionSheet (= 0.72.14)
    - React-RCTAnimation (= 0.72.14)
    - React-RCTBlob (= 0.72.14)
    - React-RCTImage (= 0.72.14)
    - React-RCTLinking (= 0.72.14)
    - React-RCTNetwork (= 0.72.14)
    - React-RCTSettings (= 0.72.14)
    - React-RCTText (= 0.72.14)
    - React-RCTVibration (= 0.72.14)
  - React-callinvoker (0.72.14)
  - React-Codegen (0.72.14):
    - DoubleConversion
    - FBReactNativeSpec
    - glog
    - hermes-engine
    - RCT-Folly
    - RCTRequired
    - RCTTypeSafety
    - React-Core
    - React-jsi
    - React-jsiexecutor
    - React-NativeModulesApple
    - React-rncore
    - ReactCommon/turbomodule/bridging
    - ReactCommon/turbomodule/core
  - React-Core (0.72.14):
    - glog
    - hermes-engine
    - RCT-Folly (= 2021.07.22.00)
    - React-Core/Default (= 0.72.14)
    - React-cxxreact
    - React-hermes
    - React-jsi
    - React-jsiexecutor
    - React-perflogger
    - React-runtimeexecutor
    - React-utils
    - SocketRocket (= 0.6.1)
    - Yoga
  - React-Core/CoreModulesHeaders (0.72.14):
    - glog
    - hermes-engine
    - RCT-Folly (= 2021.07.22.00)
    - React-Core/Default
    - React-cxxreact
    - React-hermes
    - React-jsi
    - React-jsiexecutor
    - React-perflogger
    - React-runtimeexecutor
    - React-utils
    - SocketRocket (= 0.6.1)
    - Yoga
  - React-Core/Default (0.72.14):
    - glog
    - hermes-engine
    - RCT-Folly (= 2021.07.22.00)
    - React-cxxreact
    - React-hermes
    - React-jsi
    - React-jsiexecutor
    - React-perflogger
    - React-runtimeexecutor
    - React-utils
    - SocketRocket (= 0.6.1)
    - Yoga
  - React-Core/DevSupport (0.72.14):
    - glog
    - hermes-engine
    - RCT-Folly (= 2021.07.22.00)
    - React-Core/Default (= 0.72.14)
    - React-Core/RCTWebSocket (= 0.72.14)
    - React-cxxreact
    - React-hermes
    - React-jsi
    - React-jsiexecutor
    - React-jsinspector (= 0.72.14)
    - React-perflogger
    - React-runtimeexecutor
    - React-utils
    - SocketRocket (= 0.6.1)
    - Yoga
  - React-Core/RCTActionSheetHeaders (0.72.14):
    - glog
    - hermes-engine
    - RCT-Folly (= 2021.07.22.00)
    - React-Core/Default
    - React-cxxreact
    - React-hermes
    - React-jsi
    - React-jsiexecutor
    - React-perflogger
    - React-runtimeexecutor
    - React-utils
    - SocketRocket (= 0.6.1)
    - Yoga
  - React-Core/RCTAnimationHeaders (0.72.14):
    - glog
    - hermes-engine
    - RCT-Folly (= 2021.07.22.00)
    - React-Core/Default
    - React-cxxreact
    - React-hermes
    - React-jsi
    - React-jsiexecutor
    - React-perflogger
    - React-runtimeexecutor
    - React-utils
    - SocketRocket (= 0.6.1)
    - Yoga
  - React-Core/RCTBlobHeaders (0.72.14):
    - glog
    - hermes-engine
    - RCT-Folly (= 2021.07.22.00)
    - React-Core/Default
    - React-cxxreact
    - React-hermes
    - React-jsi
    - React-jsiexecutor
    - React-perflogger
    - React-runtimeexecutor
    - React-utils
    - SocketRocket (= 0.6.1)
    - Yoga
  - React-Core/RCTImageHeaders (0.72.14):
    - glog
    - hermes-engine
    - RCT-Folly (= 2021.07.22.00)
    - React-Core/Default
    - React-cxxreact
    - React-hermes
    - React-jsi
    - React-jsiexecutor
    - React-perflogger
    - React-runtimeexecutor
    - React-utils
    - SocketRocket (= 0.6.1)
    - Yoga
  - React-Core/RCTLinkingHeaders (0.72.14):
    - glog
    - hermes-engine
    - RCT-Folly (= 2021.07.22.00)
    - React-Core/Default
    - React-cxxreact
    - React-hermes
    - React-jsi
    - React-jsiexecutor
    - React-perflogger
    - React-runtimeexecutor
    - React-utils
    - SocketRocket (= 0.6.1)
    - Yoga
  - React-Core/RCTNetworkHeaders (0.72.14):
    - glog
    - hermes-engine
    - RCT-Folly (= 2021.07.22.00)
    - React-Core/Default
    - React-cxxreact
    - React-hermes
    - React-jsi
    - React-jsiexecutor
    - React-perflogger
    - React-runtimeexecutor
    - React-utils
    - SocketRocket (= 0.6.1)
    - Yoga
  - React-Core/RCTSettingsHeaders (0.72.14):
    - glog
    - hermes-engine
    - RCT-Folly (= 2021.07.22.00)
    - React-Core/Default
    - React-cxxreact
    - React-hermes
    - React-jsi
    - React-jsiexecutor
    - React-perflogger
    - React-runtimeexecutor
    - React-utils
    - SocketRocket (= 0.6.1)
    - Yoga
  - React-Core/RCTTextHeaders (0.72.14):
    - glog
    - hermes-engine
    - RCT-Folly (= 2021.07.22.00)
    - React-Core/Default
    - React-cxxreact
    - React-hermes
    - React-jsi
    - React-jsiexecutor
    - React-perflogger
    - React-runtimeexecutor
    - React-utils
    - SocketRocket (= 0.6.1)
    - Yoga
  - React-Core/RCTVibrationHeaders (0.72.14):
    - glog
    - hermes-engine
    - RCT-Folly (= 2021.07.22.00)
    - React-Core/Default
    - React-cxxreact
    - React-hermes
    - React-jsi
    - React-jsiexecutor
    - React-perflogger
    - React-runtimeexecutor
    - React-utils
    - SocketRocket (= 0.6.1)
    - Yoga
  - React-Core/RCTWebSocket (0.72.14):
    - glog
    - hermes-engine
    - RCT-Folly (= 2021.07.22.00)
    - React-Core/Default (= 0.72.14)
    - React-cxxreact
    - React-hermes
    - React-jsi
    - React-jsiexecutor
    - React-perflogger
    - React-runtimeexecutor
    - React-utils
    - SocketRocket (= 0.6.1)
    - Yoga
  - React-CoreModules (0.72.14):
    - RCT-Folly (= 2021.07.22.00)
    - RCTTypeSafety (= 0.72.14)
    - React-Codegen (= 0.72.14)
    - React-Core/CoreModulesHeaders (= 0.72.14)
    - React-jsi (= 0.72.14)
    - React-RCTBlob
    - React-RCTImage (= 0.72.14)
    - ReactCommon/turbomodule/core (= 0.72.14)
    - SocketRocket (= 0.6.1)
  - React-cxxreact (0.72.14):
    - boost (= 1.76.0)
    - DoubleConversion
    - glog
    - hermes-engine
    - RCT-Folly (= 2021.07.22.00)
    - React-callinvoker (= 0.72.14)
    - React-debug (= 0.72.14)
    - React-jsi (= 0.72.14)
    - React-jsinspector (= 0.72.14)
    - React-logger (= 0.72.14)
    - React-perflogger (= 0.72.14)
    - React-runtimeexecutor (= 0.72.14)
  - React-debug (0.72.14)
  - React-hermes (0.72.14):
    - DoubleConversion
    - glog
    - hermes-engine
    - RCT-Folly (= 2021.07.22.00)
    - RCT-Folly/Futures (= 2021.07.22.00)
    - React-cxxreact (= 0.72.14)
    - React-jsi
    - React-jsiexecutor (= 0.72.14)
    - React-jsinspector (= 0.72.14)
    - React-perflogger (= 0.72.14)
  - React-jsi (0.72.14):
    - boost (= 1.76.0)
    - DoubleConversion
    - glog
    - hermes-engine
    - RCT-Folly (= 2021.07.22.00)
  - React-jsiexecutor (0.72.14):
    - DoubleConversion
    - glog
    - hermes-engine
    - RCT-Folly (= 2021.07.22.00)
    - React-cxxreact (= 0.72.14)
    - React-jsi (= 0.72.14)
    - React-perflogger (= 0.72.14)
  - React-jsinspector (0.72.14)
  - React-logger (0.72.14):
    - glog
  - react-native-blob-util (0.19.4):
    - React-Core
  - react-native-date-picker (4.2.14):
    - React-Core
  - react-native-document-picker (9.1.0):
    - React-Core
  - react-native-netinfo (9.4.1):
    - React-Core
  - react-native-orientation-locker (1.5.0):
    - React-Core
  - react-native-pdf (6.7.1):
    - React-Core
  - react-native-receive-sharing-intent (2.0.0):
    - React-Core
  - react-native-safe-area-context (4.10.1):
    - React-Core
  - react-native-slider (4.2.1):
    - React-Core
  - react-native-worklets-core (1.1.1):
    - React
    - React-callinvoker
    - React-Core
  - React-NativeModulesApple (0.72.14):
    - hermes-engine
    - React-callinvoker
    - React-Core
    - React-cxxreact
    - React-jsi
    - React-runtimeexecutor
    - ReactCommon/turbomodule/bridging
    - ReactCommon/turbomodule/core
  - React-perflogger (0.72.14)
  - React-RCTActionSheet (0.72.14):
    - React-Core/RCTActionSheetHeaders (= 0.72.14)
  - React-RCTAnimation (0.72.14):
    - RCT-Folly (= 2021.07.22.00)
    - RCTTypeSafety (= 0.72.14)
    - React-Codegen (= 0.72.14)
    - React-Core/RCTAnimationHeaders (= 0.72.14)
    - React-jsi (= 0.72.14)
    - ReactCommon/turbomodule/core (= 0.72.14)
  - React-RCTAppDelegate (0.72.14):
    - RCT-Folly
    - RCTRequired
    - RCTTypeSafety
    - React-Core
    - React-CoreModules
    - React-hermes
    - React-NativeModulesApple
    - React-RCTImage
    - React-RCTNetwork
    - React-runtimescheduler
    - ReactCommon/turbomodule/core
  - React-RCTBlob (0.72.14):
    - hermes-engine
    - RCT-Folly (= 2021.07.22.00)
    - React-Codegen (= 0.72.14)
    - React-Core/RCTBlobHeaders (= 0.72.14)
    - React-Core/RCTWebSocket (= 0.72.14)
    - React-jsi (= 0.72.14)
    - React-RCTNetwork (= 0.72.14)
    - ReactCommon/turbomodule/core (= 0.72.14)
  - React-RCTImage (0.72.14):
    - RCT-Folly (= 2021.07.22.00)
    - RCTTypeSafety (= 0.72.14)
    - React-Codegen (= 0.72.14)
    - React-Core/RCTImageHeaders (= 0.72.14)
    - React-jsi (= 0.72.14)
    - React-RCTNetwork (= 0.72.14)
    - ReactCommon/turbomodule/core (= 0.72.14)
  - React-RCTLinking (0.72.14):
    - React-Codegen (= 0.72.14)
    - React-Core/RCTLinkingHeaders (= 0.72.14)
    - React-jsi (= 0.72.14)
    - ReactCommon/turbomodule/core (= 0.72.14)
  - React-RCTNetwork (0.72.14):
    - RCT-Folly (= 2021.07.22.00)
    - RCTTypeSafety (= 0.72.14)
    - React-Codegen (= 0.72.14)
    - React-Core/RCTNetworkHeaders (= 0.72.14)
    - React-jsi (= 0.72.14)
    - ReactCommon/turbomodule/core (= 0.72.14)
  - React-RCTSettings (0.72.14):
    - RCT-Folly (= 2021.07.22.00)
    - RCTTypeSafety (= 0.72.14)
    - React-Codegen (= 0.72.14)
    - React-Core/RCTSettingsHeaders (= 0.72.14)
    - React-jsi (= 0.72.14)
    - ReactCommon/turbomodule/core (= 0.72.14)
  - React-RCTText (0.72.14):
    - React-Core/RCTTextHeaders (= 0.72.14)
  - React-RCTVibration (0.72.14):
    - RCT-Folly (= 2021.07.22.00)
    - React-Codegen (= 0.72.14)
    - React-Core/RCTVibrationHeaders (= 0.72.14)
    - React-jsi (= 0.72.14)
    - ReactCommon/turbomodule/core (= 0.72.14)
  - React-rncore (0.72.14)
  - React-runtimeexecutor (0.72.14):
    - React-jsi (= 0.72.14)
  - React-runtimescheduler (0.72.14):
    - glog
    - hermes-engine
    - RCT-Folly (= 2021.07.22.00)
    - React-callinvoker
    - React-debug
    - React-jsi
    - React-runtimeexecutor
  - React-utils (0.72.14):
    - glog
    - RCT-Folly (= 2021.07.22.00)
    - React-debug
  - ReactCommon/turbomodule/bridging (0.72.14):
    - DoubleConversion
    - glog
    - hermes-engine
    - RCT-Folly (= 2021.07.22.00)
    - React-callinvoker (= 0.72.14)
    - React-cxxreact (= 0.72.14)
    - React-jsi (= 0.72.14)
    - React-logger (= 0.72.14)
    - React-perflogger (= 0.72.14)
  - ReactCommon/turbomodule/core (0.72.14):
    - DoubleConversion
    - glog
    - hermes-engine
    - RCT-Folly (= 2021.07.22.00)
    - React-callinvoker (= 0.72.14)
    - React-cxxreact (= 0.72.14)
    - React-jsi (= 0.72.14)
    - React-logger (= 0.72.14)
    - React-perflogger (= 0.72.14)
  - RNCAsyncStorage (1.13.2):
    - React
  - RNCMaskedView (0.1.10):
    - React
  - RNCPicker (1.9.12):
    - React-Core
  - RNDateTimePicker (5.1.0):
    - React-Core
  - RNDefaultPreference (1.4.4):
    - React-Core
  - RNFS (2.20.0):
    - React-Core
  - RNGestureHandler (2.12.1):
    - React-Core
  - RNPermissions (3.8.1):
    - React-Core
  - RNReanimated (3.8.1):
    - RCT-Folly (= 2021.07.22.00)
    - React-Core
    - ReactCommon/turbomodule/core
  - RNScreens (3.31.1):
    - RCT-Folly (= 2021.07.22.00)
    - React-Core
    - React-RCTImage
  - RNShare (10.0.2):
    - React-Core
  - RNSound (0.11.2):
    - React-Core
    - RNSound/Core (= 0.11.2)
  - RNSound/Core (0.11.2):
    - React-Core
  - RNSVG (13.9.0):
    - React-Core
  - RNVectorIcons (9.2.0):
    - React-Core
  - SocketRocket (0.6.1)
  - VisionCamera (4.0.1):
    - VisionCamera/Core (= 4.0.1)
    - VisionCamera/FrameProcessors (= 4.0.1)
    - VisionCamera/React (= 4.0.1)
  - VisionCamera/Core (4.0.1)
  - VisionCamera/FrameProcessors (4.0.1):
    - React
    - React-callinvoker
    - react-native-worklets-core
  - VisionCamera/React (4.0.1):
    - React-Core
    - VisionCamera/FrameProcessors
  - Yoga (1.14.0)
  - YogaKit (1.18.1):
    - Yoga (~> 1.14)

DEPENDENCIES:
  - boost (from `../node_modules/react-native/third-party-podspecs/boost.podspec`)
  - DoubleConversion (from `../node_modules/react-native/third-party-podspecs/DoubleConversion.podspec`)
  - FBLazyVector (from `../node_modules/react-native/Libraries/FBLazyVector`)
  - FBReactNativeSpec (from `../node_modules/react-native/React/FBReactNativeSpec`)
  - Flipper (= 0.182.0)
  - Flipper-Boost-iOSX (= 1.76.0.1.11)
  - Flipper-DoubleConversion (= 3.2.0.1)
  - Flipper-Fmt (= 7.1.7)
  - Flipper-Folly (= 2.6.10)
  - Flipper-Glog (= 0.5.0.5)
  - Flipper-PeerTalk (= 0.0.4)
  - FlipperKit (= 0.182.0)
  - FlipperKit/Core (= 0.182.0)
  - FlipperKit/CppBridge (= 0.182.0)
  - FlipperKit/FBCxxFollyDynamicConvert (= 0.182.0)
  - FlipperKit/FBDefines (= 0.182.0)
  - FlipperKit/FKPortForwarding (= 0.182.0)
  - FlipperKit/FlipperKitHighlightOverlay (= 0.182.0)
  - FlipperKit/FlipperKitLayoutPlugin (= 0.182.0)
  - FlipperKit/FlipperKitLayoutTextSearchable (= 0.182.0)
  - FlipperKit/FlipperKitNetworkPlugin (= 0.182.0)
  - FlipperKit/FlipperKitReactPlugin (= 0.182.0)
  - FlipperKit/FlipperKitUserDefaultsPlugin (= 0.182.0)
  - FlipperKit/SKIOSNetworkPlugin (= 0.182.0)
  - glog (from `../node_modules/react-native/third-party-podspecs/glog.podspec`)
  - hermes-engine (from `../node_modules/react-native/sdks/hermes-engine/hermes-engine.podspec`)
  - libevent (~> 2.1.12)
  - OpenSSL-Universal (= 1.1.1100)
  - Permission-LocationAlways (from `../node_modules/react-native-permissions/ios/LocationAlways/Permission-LocationAlways.podspec`)
  - Permission-LocationWhenInUse (from `../node_modules/react-native-permissions/ios/LocationWhenInUse/Permission-LocationWhenInUse.podspec`)
  - RCT-Folly (from `../node_modules/react-native/third-party-podspecs/RCT-Folly.podspec`)
  - RCTRequired (from `../node_modules/react-native/Libraries/RCTRequired`)
  - RCTTypeSafety (from `../node_modules/react-native/Libraries/TypeSafety`)
  - React (from `../node_modules/react-native/`)
  - React-callinvoker (from `../node_modules/react-native/ReactCommon/callinvoker`)
  - React-Codegen (from `build/generated/ios`)
  - React-Core (from `../node_modules/react-native/`)
  - React-Core/DevSupport (from `../node_modules/react-native/`)
  - React-Core/RCTWebSocket (from `../node_modules/react-native/`)
  - React-CoreModules (from `../node_modules/react-native/React/CoreModules`)
  - React-cxxreact (from `../node_modules/react-native/ReactCommon/cxxreact`)
  - React-debug (from `../node_modules/react-native/ReactCommon/react/debug`)
  - React-hermes (from `../node_modules/react-native/ReactCommon/hermes`)
  - React-jsi (from `../node_modules/react-native/ReactCommon/jsi`)
  - React-jsiexecutor (from `../node_modules/react-native/ReactCommon/jsiexecutor`)
  - React-jsinspector (from `../node_modules/react-native/ReactCommon/jsinspector`)
  - React-logger (from `../node_modules/react-native/ReactCommon/logger`)
  - react-native-blob-util (from `../node_modules/react-native-blob-util`)
  - react-native-date-picker (from `../node_modules/react-native-date-picker`)
  - react-native-document-picker (from `../node_modules/react-native-document-picker`)
  - "react-native-netinfo (from `../node_modules/@react-native-community/netinfo`)"
  - react-native-orientation-locker (from `../node_modules/react-native-orientation-locker`)
  - react-native-pdf (from `../node_modules/react-native-pdf`)
  - react-native-receive-sharing-intent (from `../node_modules/react-native-receive-sharing-intent`)
  - react-native-safe-area-context (from `../node_modules/react-native-safe-area-context`)
  - "react-native-slider (from `../node_modules/@react-native-community/slider`)"
  - react-native-worklets-core (from `../node_modules/react-native-worklets-core`)
  - React-NativeModulesApple (from `../node_modules/react-native/ReactCommon/react/nativemodule/core/platform/ios`)
  - React-perflogger (from `../node_modules/react-native/ReactCommon/reactperflogger`)
  - React-RCTActionSheet (from `../node_modules/react-native/Libraries/ActionSheetIOS`)
  - React-RCTAnimation (from `../node_modules/react-native/Libraries/NativeAnimation`)
  - React-RCTAppDelegate (from `../node_modules/react-native/Libraries/AppDelegate`)
  - React-RCTBlob (from `../node_modules/react-native/Libraries/Blob`)
  - React-RCTImage (from `../node_modules/react-native/Libraries/Image`)
  - React-RCTLinking (from `../node_modules/react-native/Libraries/LinkingIOS`)
  - React-RCTNetwork (from `../node_modules/react-native/Libraries/Network`)
  - React-RCTSettings (from `../node_modules/react-native/Libraries/Settings`)
  - React-RCTText (from `../node_modules/react-native/Libraries/Text`)
  - React-RCTVibration (from `../node_modules/react-native/Libraries/Vibration`)
  - React-rncore (from `../node_modules/react-native/ReactCommon`)
  - React-runtimeexecutor (from `../node_modules/react-native/ReactCommon/runtimeexecutor`)
  - React-runtimescheduler (from `../node_modules/react-native/ReactCommon/react/renderer/runtimescheduler`)
  - React-utils (from `../node_modules/react-native/ReactCommon/react/utils`)
  - ReactCommon/turbomodule/core (from `../node_modules/react-native/ReactCommon`)
  - "RNCAsyncStorage (from `../node_modules/@react-native-async-storage/async-storage`)"
  - "RNCMaskedView (from `../node_modules/@react-native-community/masked-view`)"
  - "RNCPicker (from `../node_modules/@react-native-picker/picker`)"
  - "RNDateTimePicker (from `../node_modules/@react-native-community/datetimepicker`)"
  - RNDefaultPreference (from `../node_modules/react-native-default-preference`)
  - RNFS (from `../node_modules/react-native-fs`)
  - RNGestureHandler (from `../node_modules/react-native-gesture-handler`)
  - RNPermissions (from `../node_modules/react-native-permissions`)
  - RNReanimated (from `../node_modules/react-native-reanimated`)
  - RNScreens (from `../node_modules/react-native-screens`)
  - RNShare (from `../node_modules/react-native-share`)
  - RNSound (from `../node_modules/react-native-sound`)
  - RNSVG (from `../node_modules/react-native-svg`)
  - RNVectorIcons (from `../node_modules/react-native-vector-icons`)
  - VisionCamera (from `../node_modules/react-native-vision-camera`)
  - Yoga (from `../node_modules/react-native/ReactCommon/yoga`)

SPEC REPOS:
  trunk:
    - CocoaAsyncSocket
    - Flipper
    - Flipper-Boost-iOSX
    - Flipper-DoubleConversion
    - Flipper-Fmt
    - Flipper-Folly
    - Flipper-Glog
    - Flipper-PeerTalk
    - FlipperKit
    - fmt
    - libevent
    - OpenSSL-Universal
    - SocketRocket
    - YogaKit

EXTERNAL SOURCES:
  boost:
    :podspec: "../node_modules/react-native/third-party-podspecs/boost.podspec"
  DoubleConversion:
    :podspec: "../node_modules/react-native/third-party-podspecs/DoubleConversion.podspec"
  FBLazyVector:
    :path: "../node_modules/react-native/Libraries/FBLazyVector"
  FBReactNativeSpec:
    :path: "../node_modules/react-native/React/FBReactNativeSpec"
  glog:
    :podspec: "../node_modules/react-native/third-party-podspecs/glog.podspec"
  hermes-engine:
    :podspec: "../node_modules/react-native/sdks/hermes-engine/hermes-engine.podspec"
  Permission-LocationAlways:
    :path: "../node_modules/react-native-permissions/ios/LocationAlways/Permission-LocationAlways.podspec"
  Permission-LocationWhenInUse:
    :path: "../node_modules/react-native-permissions/ios/LocationWhenInUse/Permission-LocationWhenInUse.podspec"
  RCT-Folly:
    :podspec: "../node_modules/react-native/third-party-podspecs/RCT-Folly.podspec"
  RCTRequired:
    :path: "../node_modules/react-native/Libraries/RCTRequired"
  RCTTypeSafety:
    :path: "../node_modules/react-native/Libraries/TypeSafety"
  React:
    :path: "../node_modules/react-native/"
  React-callinvoker:
    :path: "../node_modules/react-native/ReactCommon/callinvoker"
  React-Codegen:
    :path: build/generated/ios
  React-Core:
    :path: "../node_modules/react-native/"
  React-CoreModules:
    :path: "../node_modules/react-native/React/CoreModules"
  React-cxxreact:
    :path: "../node_modules/react-native/ReactCommon/cxxreact"
  React-debug:
    :path: "../node_modules/react-native/ReactCommon/react/debug"
  React-hermes:
    :path: "../node_modules/react-native/ReactCommon/hermes"
  React-jsi:
    :path: "../node_modules/react-native/ReactCommon/jsi"
  React-jsiexecutor:
    :path: "../node_modules/react-native/ReactCommon/jsiexecutor"
  React-jsinspector:
    :path: "../node_modules/react-native/ReactCommon/jsinspector"
  React-logger:
    :path: "../node_modules/react-native/ReactCommon/logger"
  react-native-blob-util:
    :path: "../node_modules/react-native-blob-util"
  react-native-date-picker:
    :path: "../node_modules/react-native-date-picker"
  react-native-document-picker:
    :path: "../node_modules/react-native-document-picker"
  react-native-netinfo:
    :path: "../node_modules/@react-native-community/netinfo"
  react-native-orientation-locker:
    :path: "../node_modules/react-native-orientation-locker"
  react-native-pdf:
    :path: "../node_modules/react-native-pdf"
  react-native-receive-sharing-intent:
    :path: "../node_modules/react-native-receive-sharing-intent"
  react-native-safe-area-context:
    :path: "../node_modules/react-native-safe-area-context"
  react-native-slider:
    :path: "../node_modules/@react-native-community/slider"
  react-native-worklets-core:
    :path: "../node_modules/react-native-worklets-core"
  React-NativeModulesApple:
    :path: "../node_modules/react-native/ReactCommon/react/nativemodule/core/platform/ios"
  React-perflogger:
    :path: "../node_modules/react-native/ReactCommon/reactperflogger"
  React-RCTActionSheet:
    :path: "../node_modules/react-native/Libraries/ActionSheetIOS"
  React-RCTAnimation:
    :path: "../node_modules/react-native/Libraries/NativeAnimation"
  React-RCTAppDelegate:
    :path: "../node_modules/react-native/Libraries/AppDelegate"
  React-RCTBlob:
    :path: "../node_modules/react-native/Libraries/Blob"
  React-RCTImage:
    :path: "../node_modules/react-native/Libraries/Image"
  React-RCTLinking:
    :path: "../node_modules/react-native/Libraries/LinkingIOS"
  React-RCTNetwork:
    :path: "../node_modules/react-native/Libraries/Network"
  React-RCTSettings:
    :path: "../node_modules/react-native/Libraries/Settings"
  React-RCTText:
    :path: "../node_modules/react-native/Libraries/Text"
  React-RCTVibration:
    :path: "../node_modules/react-native/Libraries/Vibration"
  React-rncore:
    :path: "../node_modules/react-native/ReactCommon"
  React-runtimeexecutor:
    :path: "../node_modules/react-native/ReactCommon/runtimeexecutor"
  React-runtimescheduler:
    :path: "../node_modules/react-native/ReactCommon/react/renderer/runtimescheduler"
  React-utils:
    :path: "../node_modules/react-native/ReactCommon/react/utils"
  ReactCommon:
    :path: "../node_modules/react-native/ReactCommon"
  RNCAsyncStorage:
    :path: "../node_modules/@react-native-async-storage/async-storage"
  RNCMaskedView:
    :path: "../node_modules/@react-native-community/masked-view"
  RNCPicker:
    :path: "../node_modules/@react-native-picker/picker"
  RNDateTimePicker:
    :path: "../node_modules/@react-native-community/datetimepicker"
  RNDefaultPreference:
    :path: "../node_modules/react-native-default-preference"
  RNFS:
    :path: "../node_modules/react-native-fs"
  RNGestureHandler:
    :path: "../node_modules/react-native-gesture-handler"
  RNPermissions:
    :path: "../node_modules/react-native-permissions"
  RNReanimated:
    :path: "../node_modules/react-native-reanimated"
  RNScreens:
    :path: "../node_modules/react-native-screens"
  RNShare:
    :path: "../node_modules/react-native-share"
  RNSound:
    :path: "../node_modules/react-native-sound"
  RNSVG:
    :path: "../node_modules/react-native-svg"
  RNVectorIcons:
    :path: "../node_modules/react-native-vector-icons"
  VisionCamera:
    :path: "../node_modules/react-native-vision-camera"
  Yoga:
    :path: "../node_modules/react-native/ReactCommon/yoga"

SPEC CHECKSUMS:
  boost: 7dcd2de282d72e344012f7d6564d024930a6a440
  CocoaAsyncSocket: 065fd1e645c7abab64f7a6a2007a48038fdc6a99
  DoubleConversion: 5189b271737e1565bdce30deb4a08d647e3f5f54
  FBLazyVector: d98eefb42c5a64cb28ef966bd9096c76770d8f24
  FBReactNativeSpec: 53d4eb00e8e1b6e987a3dd5906d2afe131cc54c8
  Flipper: 6edb735e6c3e332975d1b17956bcc584eccf5818
  Flipper-Boost-iOSX: fd1e2b8cbef7e662a122412d7ac5f5bea715403c
  Flipper-DoubleConversion: 2dc99b02f658daf147069aad9dbd29d8feb06d30
  Flipper-Fmt: 60cbdd92fc254826e61d669a5d87ef7015396a9b
  Flipper-Folly: 584845625005ff068a6ebf41f857f468decd26b3
  Flipper-Glog: 70c50ce58ddaf67dc35180db05f191692570f446
  Flipper-PeerTalk: 116d8f857dc6ef55c7a5a75ea3ceaafe878aadc9
  FlipperKit: 2efad7007d6745a3f95e4034d547be637f89d3f6
  fmt: ff9d55029c625d3757ed641535fd4a75fedc7ce9
  glog: 04b94705f318337d7ead9e6d17c019bd9b1f6b1b
  hermes-engine: b213bace5f31766ad1434d2d9b2cbf04cf92a2b6
  libevent: 4049cae6c81cdb3654a443be001fb9bdceff7913
  OpenSSL-Universal: ebc357f1e6bc71fa463ccb2fe676756aff50e88c
  Permission-LocationAlways: 3d58329fff8ecdc8d5d576fc3aab095d3bb0f845
  Permission-LocationWhenInUse: 5c59ce8991e6be5e342b91d85099ce8e1254b953
  RCT-Folly: 8dc08ca5a393b48b1c523ab6220dfdcc0fe000ad
  RCTRequired: 264adaca1d8b1a9c078761891898d4142df05313
  RCTTypeSafety: 279a89da7058a69899778a127be73fab38b84499
  React: 725b4e11f6ffb43d6f9b14e82879073623db4071
  React-callinvoker: c2ba5e7e1187d0f37705b9dcaaf9bbf24d3fe9dc
  React-Codegen: 26b90b68efc1f76be23c5b5bdb80b93c8bf1675e
  React-Core: 78a26b4f586022f8e2166c565b6f4038e9d2ef42
  React-CoreModules: f6867c142023c5faae79aa32e713d5376eabc0b2
  React-cxxreact: 71f6906197dc19245ebe16e8afb43468dda50d45
  React-debug: d360c17c84e514b9143e78217072183d4fcfb9c0
  React-hermes: a479cad68ef70aea8ff3c2f401c399dfbdc4387f
  React-jsi: 627d58e51b5ff16421a21b53a2fc3b2d255b16b0
  React-jsiexecutor: 67820f07fe12f4a4f38e16349f33c1636ef4c857
  React-jsinspector: 275d9f80210f15f0af9a4b7fd5683fab9738e28e
  React-logger: 5509becad280c1c3bab8c45480f0caaec57ee0d3
  react-native-blob-util: 25a51bfa8a5003655255920d45fb21ee3ff3ed2a
  react-native-date-picker: e8dec4d656e43d06df9e3d230ad3cc9370e1758d
  react-native-document-picker: 74f5ca4179532f9ff205275990af514d1f2e22d8
  react-native-netinfo: 58a62fc2fc7245875718b99ac9914c307e1523ca
  react-native-orientation-locker: dbd3f6ddbe9e62389cb0807dc2af63f6c36dec36
  react-native-pdf: b0380c1ad48f30943665cd783c4c305e341c0822
  react-native-receive-sharing-intent: cbd6daac89f5e84c231fe0d8e5453490cc431193
  react-native-safe-area-context: 8c70551c8688cd584a53487aa1b9361e991a3b4a
  react-native-slider: 242520059ee3ec9f654374844eb6191a744658b3
  react-native-worklets-core: 2486b996f7ea3776e65102e891f0042b2662dd6d
  React-NativeModulesApple: 8348f3605691310597a2ae5e866e28df70a11072
  React-perflogger: daabc494c6328efc1784a4b49b8b74fca305d11c
  React-RCTActionSheet: 0e0e64a7cf6c07f1de73d1f0a92d26a70262b256
  React-RCTAnimation: faef65b19e73029c4828167985b0a7c01c62756d
  React-RCTAppDelegate: daa96506a2b70e97b3fafaba506b8eaddd1d5300
  React-RCTBlob: da8ea78c5f73cde358a22d327e1f68329f768e63
  React-RCTImage: 15e211cbb629210ab9c1fa37e07e7100362b12ed
  React-RCTLinking: 50d5faf19b02541cefb78ee5d505029283c8ef95
  React-RCTNetwork: dfa9fb4ad2ae459b9193a14204b1d9da907d15a7
  React-RCTSettings: 37611fa97d44a9c5a7ea844cfb953d3513f7ace0
  React-RCTText: 39ed334f64484d07b85a8159cf117814ff069ff6
  React-RCTVibration: 62462803b5fe0842e0be6d9ef86dd74e0df4a614
  React-rncore: 25ad3a3c1e0f4edf77913b9af3af9f497b7f99a5
  React-runtimeexecutor: e5c2f0a1493d72c61b97465ccfedc339157b3179
  React-runtimescheduler: 192345f363d7d4df722f96fc2634d05693e3aec4
  React-utils: ef6b0a94476878cd94bfc1212d9fc9d38f2e3337
  ReactCommon: a1d98e3ebb1e7d2ef5db51a2ba5d7965ee4c8e06
  RNCAsyncStorage: 8c222bf43f636cdc2288a84dc55e3f003910d987
  RNCMaskedView: f547d4e28ae25ea4a25e5a26033dc99558013e1f
  RNCPicker: bc678fc4f6636dec9c014b328253e61c2de9a5b1
  RNDateTimePicker: 8e60be27e06a4ff43da6bcc45be72e036bd33e4b
  RNDefaultPreference: ee13d69e6693d193cd223d10e15e5b3c012d31ba
  RNFS: 89de7d7f4c0f6bafa05343c578f61118c8282ed8
  RNGestureHandler: 627182485becfd74f122c83f93cce2be20c2e8c8
  RNPermissions: 46be3e7a7ad9d3ff434c9f81da017c6e0b49ae53
  RNReanimated: 904fa810224048e0b1d8eccc622fd437218a879b
  RNScreens: a2dfe500bb765c30d9e6dfc97c66127a06e3154b
  RNShare: 01c717e457489779d16293d2afef36995aadd001
  RNSound: 314cc5226453ef4a3314a196c65e8a65e5106a7b
  RNSVG: 67c430ac7a54043cac37f6bd7bc94f8e22d8a64a
  RNVectorIcons: 5784330be9dddb5474e8b378d5f6947996c84e55
  SocketRocket: f32cd54efbe0f095c4d7594881e52619cfe80b17
  VisionCamera: df92efeef875b4779634ed7c26a6da6b12d6444b
  Yoga: c32e0be1a17f8f1f0e633a3122f7666441f52c82
  YogaKit: f782866e155069a2cca2517aafea43200b01fd5a

PODFILE CHECKSUM: 71cdb8cf06c8ab0726f74ccc3286a1b2326887f6

COCOAPODS: 1.16.2
